// !$*UTF8*$!
{
	archiveVersion = 1;
	classes = {
	};
	objectVersion = 50;
	objects = {

/* Begin PBXBuildFile section */
		4258F8C822FC1D300093FE6B /* BadgeSupplementaryView.swift in Sources */ = {isa = PBXBuildFile; fileRef = 4258F8C722FC1D300093FE6B /* BadgeSupplementaryView.swift */; };
		42B40F1B22F0822000C9E4F7 /* AppDelegate.swift in Sources */ = {isa = PBXBuildFile; fileRef = 42B40F1A22F0822000C9E4F7 /* AppDelegate.swift */; };
		42B40F1D22F0822000C9E4F7 /* SceneDelegate.swift in Sources */ = {isa = PBXBuildFile; fileRef = 42B40F1C22F0822000C9E4F7 /* SceneDelegate.swift */; };
		42B40F1F22F0822000C9E4F7 /* ViewController.swift in Sources */ = {isa = PBXBuildFile; fileRef = 42B40F1E22F0822000C9E4F7 /* ViewController.swift */; };
		42B40F2222F0822000C9E4F7 /* Main.storyboard in Resources */ = {isa = PBXBuildFile; fileRef = 42B40F2022F0822000C9E4F7 /* Main.storyboard */; };
		42B40F2422F0822200C9E4F7 /* Assets.xcassets in Resources */ = {isa = PBXBuildFile; fileRef = 42B40F2322F0822200C9E4F7 /* Assets.xcassets */; };
		42B40F2722F0822200C9E4F7 /* LaunchScreen.storyboard in Resources */ = {isa = PBXBuildFile; fileRef = 42B40F2522F0822200C9E4F7 /* LaunchScreen.storyboard */; };
		42C3C1C522FABF5000582CC1 /* CollectionViewCell.swift in Sources */ = {isa = PBXBuildFile; fileRef = 42C3C1C422FABF5000582CC1 /* CollectionViewCell.swift */; };
/* End PBXBuildFile section */

/* Begin PBXFileReference section */
		4258F8C722FC1D300093FE6B /* BadgeSupplementaryView.swift */ = {isa = PBXFileReference; lastKnownFileType = sourcecode.swift; path = BadgeSupplementaryView.swift; sourceTree = "<group>"; };
		42B40F1722F0822000C9E4F7 /* NSCollectionViewCompositionalLayoutDemo.app */ = {isa = PBXFileReference; explicitFileType = wrapper.application; includeInIndex = 0; path = NSCollectionViewCompositionalLayoutDemo.app; sourceTree = BUILT_PRODUCTS_DIR; };
		42B40F1A22F0822000C9E4F7 /* AppDelegate.swift */ = {isa = PBXFileReference; lastKnownFileType = sourcecode.swift; path = AppDelegate.swift; sourceTree = "<group>"; };
		42B40F1C22F0822000C9E4F7 /* SceneDelegate.swift */ = {isa = PBXFileReference; lastKnownFileType = sourcecode.swift; path = SceneDelegate.swift; sourceTree = "<group>"; };
		42B40F1E22F0822000C9E4F7 /* ViewController.swift */ = {isa = PBXFileReference; lastKnownFileType = sourcecode.swift; path = ViewController.swift; sourceTree = "<group>"; };
		42B40F2122F0822000C9E4F7 /* Base */ = {isa = PBXFileReference; lastKnownFileType = file.storyboard; name = Base; path = Base.lproj/Main.storyboard; sourceTree = "<group>"; };
		42B40F2322F0822200C9E4F7 /* Assets.xcassets */ = {isa = PBXFileReference; lastKnownFileType = folder.assetcatalog; path = Assets.xcassets; sourceTree = "<group>"; };
		42B40F2622F0822200C9E4F7 /* Base */ = {isa = PBXFileReference; lastKnownFileType = file.storyboard; name = Base; path = Base.lproj/LaunchScreen.storyboard; sourceTree = "<group>"; };
		42B40F2822F0822200C9E4F7 /* Info.plist */ = {isa = PBXFileReference; lastKnownFileType = text.plist.xml; path = Info.plist; sourceTree = "<group>"; };
		42C3C1C422FABF5000582CC1 /* CollectionViewCell.swift */ = {isa = PBXFileReference; lastKnownFileType = sourcecode.swift; path = CollectionViewCell.swift; sourceTree = "<group>"; };
/* End PBXFileReference section */

/* Begin PBXFrameworksBuildPhase section */
		42B40F1422F0822000C9E4F7 /* Frameworks */ = {
			isa = PBXFrameworksBuildPhase;
			buildActionMask = 2147483647;
			files = (
			);
			runOnlyForDeploymentPostprocessing = 0;
		};
/* End PBXFrameworksBuildPhase section */

/* Begin PBXGroup section */
		4258F8C622FC1D190093FE6B /* Supplementary Views */ = {
			isa = PBXGroup;
			children = (
				4258F8C722FC1D300093FE6B /* BadgeSupplementaryView.swift */,
			);
			path = "Supplementary Views";
			sourceTree = "<group>";
		};
		42B40F0E22F0822000C9E4F7 = {
			isa = PBXGroup;
			children = (
				42B40F1922F0822000C9E4F7 /* NSCollectionViewCompositionalLayoutDemo */,
				42B40F1822F0822000C9E4F7 /* Products */,
			);
			sourceTree = "<group>";
		};
		42B40F1822F0822000C9E4F7 /* Products */ = {
			isa = PBXGroup;
			children = (
				42B40F1722F0822000C9E4F7 /* NSCollectionViewCompositionalLayoutDemo.app */,
			);
			name = Products;
			sourceTree = "<group>";
		};
		42B40F1922F0822000C9E4F7 /* NSCollectionViewCompositionalLayoutDemo */ = {
			isa = PBXGroup;
			children = (
				4258F8C622FC1D190093FE6B /* Supplementary Views */,
				42C3C1C322FABF4000582CC1 /* Cells */,
				42B40F1A22F0822000C9E4F7 /* AppDelegate.swift */,
				42B40F1C22F0822000C9E4F7 /* SceneDelegate.swift */,
				42B40F1E22F0822000C9E4F7 /* ViewController.swift */,
				42B40F2022F0822000C9E4F7 /* Main.storyboard */,
				42B40F2322F0822200C9E4F7 /* Assets.xcassets */,
				42B40F2522F0822200C9E4F7 /* LaunchScreen.storyboard */,
				42B40F2822F0822200C9E4F7 /* Info.plist */,
			);
			path = NSCollectionViewCompositionalLayoutDemo;
			sourceTree = "<group>";
		};
		42C3C1C322FABF4000582CC1 /* Cells */ = {
			isa = PBXGroup;
			children = (
				42C3C1C422FABF5000582CC1 /* CollectionViewCell.swift */,
			);
			path = Cells;
			sourceTree = "<group>";
		};
/* End PBXGroup section */

/* Begin PBXNativeTarget section */
		42B40F1622F0822000C9E4F7 /* NSCollectionViewCompositionalLayoutDemo */ = {
			isa = PBXNativeTarget;
			buildConfigurationList = 42B40F2B22F0822200C9E4F7 /* Build configuration list for PBXNativeTarget "NSCollectionViewCompositionalLayoutDemo" */;
			buildPhases = (
				42B40F1322F0822000C9E4F7 /* Sources */,
				42B40F1422F0822000C9E4F7 /* Frameworks */,
				42B40F1522F0822000C9E4F7 /* Resources */,
			);
			buildRules = (
			);
			dependencies = (
			);
			name = NSCollectionViewCompositionalLayoutDemo;
			productName = NSCollectionViewCompositionalLayoutDemo;
			productReference = 42B40F1722F0822000C9E4F7 /* NSCollectionViewCompositionalLayoutDemo.app */;
			productType = "com.apple.product-type.application";
		};
/* End PBXNativeTarget section */

/* Begin PBXProject section */
		42B40F0F22F0822000C9E4F7 /* Project object */ = {
			isa = PBXProject;
			attributes = {
				LastSwiftUpdateCheck = 1100;
				LastUpgradeCheck = 1100;
				ORGANIZATIONNAME = Nodes;
				TargetAttributes = {
					42B40F1622F0822000C9E4F7 = {
						CreatedOnToolsVersion = 11.0;
					};
				};
			};
			buildConfigurationList = 42B40F1222F0822000C9E4F7 /* Build configuration list for PBXProject "NSCollectionViewCompositionalLayoutDemo" */;
			compatibilityVersion = "Xcode 9.3";
			developmentRegion = en;
			hasScannedForEncodings = 0;
			knownRegions = (
				en,
				Base,
			);
			mainGroup = 42B40F0E22F0822000C9E4F7;
			productRefGroup = 42B40F1822F0822000C9E4F7 /* Products */;
			projectDirPath = "";
			projectRoot = "";
			targets = (
				42B40F1622F0822000C9E4F7 /* NSCollectionViewCompositionalLayoutDemo */,
			);
		};
/* End PBXProject section */

/* Begin PBXResourcesBuildPhase section */
		42B40F1522F0822000C9E4F7 /* Resources */ = {
			isa = PBXResourcesBuildPhase;
			buildActionMask = 2147483647;
			files = (
				42B40F2722F0822200C9E4F7 /* LaunchScreen.storyboard in Resources */,
				42B40F2422F0822200C9E4F7 /* Assets.xcassets in Resources */,
				42B40F2222F0822000C9E4F7 /* Main.storyboard in Resources */,
			);
			runOnlyForDeploymentPostprocessing = 0;
		};
/* End PBXResourcesBuildPhase section */

/* Begin PBXSourcesBuildPhase section */
		42B40F1322F0822000C9E4F7 /* Sources */ = {
			isa = PBXSourcesBuildPhase;
			buildActionMask = 2147483647;
			files = (
				4258F8C822FC1D300093FE6B /* BadgeSupplementaryView.swift in Sources */,
				42B40F1F22F0822000C9E4F7 /* ViewController.swift in Sources */,
				42B40F1B22F0822000C9E4F7 /* AppDelegate.swift in Sources */,
				42C3C1C522FABF5000582CC1 /* CollectionViewCell.swift in Sources */,
				42B40F1D22F0822000C9E4F7 /* SceneDelegate.swift in Sources */,
			);
			runOnlyForDeploymentPostprocessing = 0;
		};
/* End PBXSourcesBuildPhase section */

/* Begin PBXVariantGroup section */
		42B40F2022F0822000C9E4F7 /* Main.storyboard */ = {
			isa = PBXVariantGroup;
			children = (
				42B40F2122F0822000C9E4F7 /* Base */,
			);
			name = Main.storyboard;
			sourceTree = "<group>";
		};
		42B40F2522F0822200C9E4F7 /* LaunchScreen.storyboard */ = {
			isa = PBXVariantGroup;
			children = (
				42B40F2622F0822200C9E4F7 /* Base */,
			);
			name = LaunchScreen.storyboard;
			sourceTree = "<group>";
		};
/* End PBXVariantGroup section */

/* Begin XCBuildConfiguration section */
		42B40F2922F0822200C9E4F7 /* Debug */ = {
			isa = XCBuildConfiguration;
			buildSettings = {
				ALWAYS_SEARCH_USER_PATHS = NO;
				CLANG_ANALYZER_NONNULL = YES;
				CLANG_ANALYZER_NUMBER_OBJECT_CONVERSION = YES_AGGRESSIVE;
				CLANG_CXX_LANGUAGE_STANDARD = "gnu++14";
				CLANG_CXX_LIBRARY = "libc++";
				CLANG_ENABLE_MODULES = YES;
				CLANG_ENABLE_OBJC_ARC = YES;
				CLANG_ENABLE_OBJC_WEAK = YES;
				CLANG_WARN_BLOCK_CAPTURE_AUTORELEASING = YES;
				CLANG_WARN_BOOL_CONVERSION = YES;
				CLANG_WARN_COMMA = YES;
				CLANG_WARN_CONSTANT_CONVERSION = YES;
				CLANG_WARN_DEPRECATED_OBJC_IMPLEMENTATIONS = YES;
				CLANG_WARN_DIRECT_OBJC_ISA_USAGE = YES_ERROR;
				CLANG_WARN_DOCUMENTATION_COMMENTS = YES;
				CLANG_WARN_EMPTY_BODY = YES;
				CLANG_WARN_ENUM_CONVERSION = YES;
				CLANG_WARN_INFINITE_RECURSION = YES;
				CLANG_WARN_INT_CONVERSION = YES;
				CLANG_WARN_NON_LITERAL_NULL_CONVERSION = YES;
				CLANG_WARN_OBJC_IMPLICIT_RETAIN_SELF = YES;
				CLANG_WARN_OBJC_LITERAL_CONVERSION = YES;
				CLANG_WARN_OBJC_ROOT_CLASS = YES_ERROR;
				CLANG_WARN_RANGE_LOOP_ANALYSIS = YES;
				CLANG_WARN_STRICT_PROTOTYPES = YES;
				CLANG_WARN_SUSPICIOUS_MOVE = YES;
				CLANG_WARN_UNGUARDED_AVAILABILITY = YES_AGGRESSIVE;
				CLANG_WARN_UNREACHABLE_CODE = YES;
				CLANG_WARN__DUPLICATE_METHOD_MATCH = YES;
				COPY_PHASE_STRIP = NO;
				DEBUG_INFORMATION_FORMAT = dwarf;
				ENABLE_STRICT_OBJC_MSGSEND = YES;
				ENABLE_TESTABILITY = YES;
				GCC_C_LANGUAGE_STANDARD = gnu11;
				GCC_DYNAMIC_NO_PIC = NO;
				GCC_NO_COMMON_BLOCKS = YES;
				GCC_OPTIMIZATION_LEVEL = 0;
				GCC_PREPROCESSOR_DEFINITIONS = (
					"DEBUG=1",
					"$(inherited)",
				);
				GCC_WARN_64_TO_32_BIT_CONVERSION = YES;
				GCC_WARN_ABOUT_RETURN_TYPE = YES_ERROR;
				GCC_WARN_UNDECLARED_SELECTOR = YES;
				GCC_WARN_UNINITIALIZED_AUTOS = YES_AGGRESSIVE;
				GCC_WARN_UNUSED_FUNCTION = YES;
				GCC_WARN_UNUSED_VARIABLE = YES;
				IPHONEOS_DEPLOYMENT_TARGET = 13.0;
				MTL_ENABLE_DEBUG_INFO = INCLUDE_SOURCE;
				MTL_FAST_MATH = YES;
				ONLY_ACTIVE_ARCH = YES;
				SDKROOT = iphoneos;
				SWIFT_ACTIVE_COMPILATION_CONDITIONS = DEBUG;
				SWIFT_OPTIMIZATION_LEVEL = "-Onone";
			};
			name = Debug;
		};
		42B40F2A22F0822200C9E4F7 /* Release */ = {
			isa = XCBuildConfiguration;
			buildSettings = {
				ALWAYS_SEARCH_USER_PATHS = NO;
				CLANG_ANALYZER_NONNULL = YES;
				CLANG_ANALYZER_NUMBER_OBJECT_CONVERSION = YES_AGGRESSIVE;
				CLANG_CXX_LANGUAGE_STANDARD = "gnu++14";
				CLANG_CXX_LIBRARY = "libc++";
				CLANG_ENABLE_MODULES = YES;
				CLANG_ENABLE_OBJC_ARC = YES;
				CLANG_ENABLE_OBJC_WEAK = YES;
				CLANG_WARN_BLOCK_CAPTURE_AUTORELEASING = YES;
				CLANG_WARN_BOOL_CONVERSION = YES;
				CLANG_WARN_COMMA = YES;
				CLANG_WARN_CONSTANT_CONVERSION = YES;
				CLANG_WARN_DEPRECATED_OBJC_IMPLEMENTATIONS = YES;
				CLANG_WARN_DIRECT_OBJC_ISA_USAGE = YES_ERROR;
				CLANG_WARN_DOCUMENTATION_COMMENTS = YES;
				CLANG_WARN_EMPTY_BODY = YES;
				CLANG_WARN_ENUM_CONVERSION = YES;
				CLANG_WARN_INFINITE_RECURSION = YES;
				CLANG_WARN_INT_CONVERSION = YES;
				CLANG_WARN_NON_LITERAL_NULL_CONVERSION = YES;
				CLANG_WARN_OBJC_IMPLICIT_RETAIN_SELF = YES;
				CLANG_WARN_OBJC_LITERAL_CONVERSION = YES;
				CLANG_WARN_OBJC_ROOT_CLASS = YES_ERROR;
				CLANG_WARN_RANGE_LOOP_ANALYSIS = YES;
				CLANG_WARN_STRICT_PROTOTYPES = YES;
				CLANG_WARN_SUSPICIOUS_MOVE = YES;
				CLANG_WARN_UNGUARDED_AVAILABILITY = YES_AGGRESSIVE;
				CLANG_WARN_UNREACHABLE_CODE = YES;
				CLANG_WARN__DUPLICATE_METHOD_MATCH = YES;
				COPY_PHASE_STRIP = NO;
				DEBUG_INFORMATION_FORMAT = "dwarf-with-dsym";
				ENABLE_NS_ASSERTIONS = NO;
				ENABLE_STRICT_OBJC_MSGSEND = YES;
				GCC_C_LANGUAGE_STANDARD = gnu11;
				GCC_NO_COMMON_BLOCKS = YES;
				GCC_WARN_64_TO_32_BIT_CONVERSION = YES;
				GCC_WARN_ABOUT_RETURN_TYPE = YES_ERROR;
				GCC_WARN_UNDECLARED_SELECTOR = YES;
				GCC_WARN_UNINITIALIZED_AUTOS = YES_AGGRESSIVE;
				GCC_WARN_UNUSED_FUNCTION = YES;
				GCC_WARN_UNUSED_VARIABLE = YES;
				IPHONEOS_DEPLOYMENT_TARGET = 13.0;
				MTL_ENABLE_DEBUG_INFO = NO;
				MTL_FAST_MATH = YES;
				SDKROOT = iphoneos;
				SWIFT_COMPILATION_MODE = wholemodule;
				SWIFT_OPTIMIZATION_LEVEL = "-O";
				VALIDATE_PRODUCT = YES;
			};
			name = Release;
		};
		42B40F2C22F0822200C9E4F7 /* Debug */ = {
			isa = XCBuildConfiguration;
			buildSettings = {
				ASSETCATALOG_COMPILER_APPICON_NAME = AppIcon;
				CODE_SIGN_STYLE = Automatic;
				DEVELOPMENT_TEAM = M92A6H7EPZ;
				INFOPLIST_FILE = NSCollectionViewCompositionalLayoutDemo/Info.plist;
				LD_RUNPATH_SEARCH_PATHS = (
					"$(inherited)",
					"@executable_path/Frameworks",
				);
				PRODUCT_BUNDLE_IDENTIFIER = com.nodesagency.NSCollectionViewCompositionalLayoutDemo;
				PRODUCT_NAME = "$(TARGET_NAME)";
				SWIFT_VERSION = 5.0;
				TARGETED_DEVICE_FAMILY = "1,2";
			};
			name = Debug;
		};
		42B40F2D22F0822200C9E4F7 /* Release */ = {
			isa = XCBuildConfiguration;
			buildSettings = {
				ASSETCATALOG_COMPILER_APPICON_NAME = AppIcon;
				CODE_SIGN_STYLE = Automatic;
				DEVELOPMENT_TEAM = M92A6H7EPZ;
				INFOPLIST_FILE = NSCollectionViewCompositionalLayoutDemo/Info.plist;
				LD_RUNPATH_SEARCH_PATHS = (
					"$(inherited)",
					"@executable_path/Frameworks",
				);
				PRODUCT_BUNDLE_IDENTIFIER = com.nodesagency.NSCollectionViewCompositionalLayoutDemo;
				PRODUCT_NAME = "$(TARGET_NAME)";
				SWIFT_VERSION = 5.0;
				TARGETED_DEVICE_FAMILY = "1,2";
			};
			name = Release;
		};
/* End XCBuildConfiguration section */

/* Begin XCConfigurationList section */
		42B40F1222F0822000C9E4F7 /* Build configuration list for PBXProject "NSCollectionViewCompositionalLayoutDemo" */ = {
			isa = XCConfigurationList;
			buildConfigurations = (
				42B40F2922F0822200C9E4F7 /* Debug */,
				42B40F2A22F0822200C9E4F7 /* Release */,
			);
			defaultConfigurationIsVisible = 0;
			defaultConfigurationName = Release;
		};
		42B40F2B22F0822200C9E4F7 /* Build configuration list for PBXNativeTarget "NSCollectionViewCompositionalLayoutDemo" */ = {
			isa = XCConfigurationList;
			buildConfigurations = (
				42B40F2C22F0822200C9E4F7 /* Debug */,
				42B40F2D22F0822200C9E4F7 /* Release */,
			);
			defaultConfigurationIsVisible = 0;
			defaultConfigurationName = Release;
		};
/* End XCConfigurationList section */
	};
	rootObject = 42B40F0F22F0822000C9E4F7 /* Project object */;
}
